// !$*UTF8*$!
{
	archiveVersion = 1;
	classes = {
	};
	objectVersion = 50;
	objects = {

/* Begin PBXBuildFile section */
		3599D1452092290400236F3D /* AppDelegate.swift in Sources */ = {isa = PBXBuildFile; fileRef = 3599D1442092290400236F3D /* AppDelegate.swift */; };
		3599D1472092290400236F3D /* ViewController.swift in Sources */ = {isa = PBXBuildFile; fileRef = 3599D1462092290400236F3D /* ViewController.swift */; };
		3599D14A2092290400236F3D /* Main.storyboard in Resources */ = {isa = PBXBuildFile; fileRef = 3599D1482092290400236F3D /* Main.storyboard */; };
		3599D14C2092290600236F3D /* Assets.xcassets in Resources */ = {isa = PBXBuildFile; fileRef = 3599D14B2092290600236F3D /* Assets.xcassets */; };
		3599D14F2092290600236F3D /* LaunchScreen.storyboard in Resources */ = {isa = PBXBuildFile; fileRef = 3599D14D2092290600236F3D /* LaunchScreen.storyboard */; };
		3599D15C20922F2100236F3D /* HomeViewController.swift in Sources */ = {isa = PBXBuildFile; fileRef = 3599D15B20922F2100236F3D /* HomeViewController.swift */; };
		438B7340368B914AC33BAA3A /* Pods_Snoring_Companion.framework in Frameworks */ = {isa = PBXBuildFile; fileRef = EF0A89FF9CC0E531722FCE9F /* Pods_Snoring_Companion.framework */; };
/* End PBXBuildFile section */

/* Begin PBXFileReference section */
		1F6BE15F2E4DA600B3CCE9C7 /* Pods-Snoring Companion.release.xcconfig */ = {isa = PBXFileReference; includeInIndex = 1; lastKnownFileType = text.xcconfig; name = "Pods-Snoring Companion.release.xcconfig"; path = "Pods/Target Support Files/Pods-Snoring Companion/Pods-Snoring Companion.release.xcconfig"; sourceTree = "<group>"; };
		3599D1412092290400236F3D /* Snoring Companion.app */ = {isa = PBXFileReference; explicitFileType = wrapper.application; includeInIndex = 0; path = "Snoring Companion.app"; sourceTree = BUILT_PRODUCTS_DIR; };
		3599D1442092290400236F3D /* AppDelegate.swift */ = {isa = PBXFileReference; lastKnownFileType = sourcecode.swift; path = AppDelegate.swift; sourceTree = "<group>"; };
		3599D1462092290400236F3D /* ViewController.swift */ = {isa = PBXFileReference; lastKnownFileType = sourcecode.swift; path = ViewController.swift; sourceTree = "<group>"; };
		3599D1492092290400236F3D /* Base */ = {isa = PBXFileReference; lastKnownFileType = file.storyboard; name = Base; path = Base.lproj/Main.storyboard; sourceTree = "<group>"; };
		3599D14B2092290600236F3D /* Assets.xcassets */ = {isa = PBXFileReference; lastKnownFileType = folder.assetcatalog; path = Assets.xcassets; sourceTree = "<group>"; };
		3599D14E2092290600236F3D /* Base */ = {isa = PBXFileReference; lastKnownFileType = file.storyboard; name = Base; path = Base.lproj/LaunchScreen.storyboard; sourceTree = "<group>"; };
		3599D1502092290600236F3D /* Info.plist */ = {isa = PBXFileReference; lastKnownFileType = text.plist.xml; path = Info.plist; sourceTree = "<group>"; };
		3599D15B20922F2100236F3D /* HomeViewController.swift */ = {isa = PBXFileReference; lastKnownFileType = sourcecode.swift; path = HomeViewController.swift; sourceTree = "<group>"; };
		CB1DDA133395C11D093F56E5 /* Pods-Snoring Companion.debug.xcconfig */ = {isa = PBXFileReference; includeInIndex = 1; lastKnownFileType = text.xcconfig; name = "Pods-Snoring Companion.debug.xcconfig"; path = "Pods/Target Support Files/Pods-Snoring Companion/Pods-Snoring Companion.debug.xcconfig"; sourceTree = "<group>"; };
		EF0A89FF9CC0E531722FCE9F /* Pods_Snoring_Companion.framework */ = {isa = PBXFileReference; explicitFileType = wrapper.framework; includeInIndex = 0; path = Pods_Snoring_Companion.framework; sourceTree = BUILT_PRODUCTS_DIR; };
/* End PBXFileReference section */

/* Begin PBXFrameworksBuildPhase section */
		3599D13E2092290400236F3D /* Frameworks */ = {
			isa = PBXFrameworksBuildPhase;
			buildActionMask = 2147483647;
			files = (
				438B7340368B914AC33BAA3A /* Pods_Snoring_Companion.framework in Frameworks */,
			);
			runOnlyForDeploymentPostprocessing = 0;
		};
/* End PBXFrameworksBuildPhase section */

/* Begin PBXGroup section */
		3599D1382092290400236F3D = {
			isa = PBXGroup;
			children = (
				3599D1432092290400236F3D /* Snoring Companion */,
				3599D1422092290400236F3D /* Products */,
				C7E13FC47605CD7A0BB56205 /* Pods */,
				B4A5B140B1AF163BC8006E9D /* Frameworks */,
			);
			sourceTree = "<group>";
		};
		3599D1422092290400236F3D /* Products */ = {
			isa = PBXGroup;
			children = (
				3599D1412092290400236F3D /* Snoring Companion.app */,
			);
			name = Products;
			sourceTree = "<group>";
		};
		3599D1432092290400236F3D /* Snoring Companion */ = {
			isa = PBXGroup;
			children = (
				3599D1442092290400236F3D /* AppDelegate.swift */,
				3599D1462092290400236F3D /* ViewController.swift */,
				3599D15820922C2200236F3D /* Controller */,
				3599D15620922C2200236F3D /* Model */,
				3599D15920922C2200236F3D /* Resources */,
				3599D15A20922C2200236F3D /* View */,
				3599D1482092290400236F3D /* Main.storyboard */,
				3599D14B2092290600236F3D /* Assets.xcassets */,
				3599D14D2092290600236F3D /* LaunchScreen.storyboard */,
				3599D1502092290600236F3D /* Info.plist */,
			);
			path = "Snoring Companion";
			sourceTree = "<group>";
		};
		3599D15620922C2200236F3D /* Model */ = {
			isa = PBXGroup;
			children = (
				3599D15720922C2200236F3D /* Managers */,
			);
			path = Model;
			sourceTree = "<group>";
		};
		3599D15720922C2200236F3D /* Managers */ = {
			isa = PBXGroup;
			children = (
			);
			path = Managers;
			sourceTree = "<group>";
		};
		3599D15820922C2200236F3D /* Controller */ = {
			isa = PBXGroup;
			children = (
				3599D15B20922F2100236F3D /* HomeViewController.swift */,
			);
			path = Controller;
			sourceTree = "<group>";
		};
		3599D15920922C2200236F3D /* Resources */ = {
			isa = PBXGroup;
			children = (
			);
			path = Resources;
			sourceTree = "<group>";
		};
		3599D15A20922C2200236F3D /* View */ = {
			isa = PBXGroup;
			children = (
			);
			path = View;
			sourceTree = "<group>";
		};
		B4A5B140B1AF163BC8006E9D /* Frameworks */ = {
			isa = PBXGroup;
			children = (
				EF0A89FF9CC0E531722FCE9F /* Pods_Snoring_Companion.framework */,
			);
			name = Frameworks;
			sourceTree = "<group>";
		};
		C7E13FC47605CD7A0BB56205 /* Pods */ = {
			isa = PBXGroup;
			children = (
				CB1DDA133395C11D093F56E5 /* Pods-Snoring Companion.debug.xcconfig */,
				1F6BE15F2E4DA600B3CCE9C7 /* Pods-Snoring Companion.release.xcconfig */,
			);
			name = Pods;
			sourceTree = "<group>";
		};
/* End PBXGroup section */

/* Begin PBXNativeTarget section */
		3599D1402092290400236F3D /* Snoring Companion */ = {
			isa = PBXNativeTarget;
			buildConfigurationList = 3599D1532092290600236F3D /* Build configuration list for PBXNativeTarget "Snoring Companion" */;
			buildPhases = (
				23BFDEE185FC6675A175B13C /* [CP] Check Pods Manifest.lock */,
				3599D13D2092290400236F3D /* Sources */,
				3599D13E2092290400236F3D /* Frameworks */,
				3599D13F2092290400236F3D /* Resources */,
			);
			buildRules = (
			);
			dependencies = (
			);
			name = "Snoring Companion";
			productName = "Snoring Companion";
			productReference = 3599D1412092290400236F3D /* Snoring Companion.app */;
			productType = "com.apple.product-type.application";
		};
/* End PBXNativeTarget section */

/* Begin PBXProject section */
		3599D1392092290400236F3D /* Project object */ = {
			isa = PBXProject;
			attributes = {
				LastSwiftUpdateCheck = 0930;
				LastUpgradeCheck = 0930;
				ORGANIZATIONNAME = XR;
				TargetAttributes = {
					3599D1402092290400236F3D = {
						CreatedOnToolsVersion = 9.3;
					};
				};
			};
			buildConfigurationList = 3599D13C2092290400236F3D /* Build configuration list for PBXProject "Snoring Companion" */;
			compatibilityVersion = "Xcode 9.3";
			developmentRegion = en;
			hasScannedForEncodings = 0;
			knownRegions = (
				en,
				Base,
			);
			mainGroup = 3599D1382092290400236F3D;
			productRefGroup = 3599D1422092290400236F3D /* Products */;
			projectDirPath = "";
			projectRoot = "";
			targets = (
				3599D1402092290400236F3D /* Snoring Companion */,
			);
		};
/* End PBXProject section */

/* Begin PBXResourcesBuildPhase section */
		3599D13F2092290400236F3D /* Resources */ = {
			isa = PBXResourcesBuildPhase;
			buildActionMask = 2147483647;
			files = (
				3599D14F2092290600236F3D /* LaunchScreen.storyboard in Resources */,
				3599D14C2092290600236F3D /* Assets.xcassets in Resources */,
				3599D14A2092290400236F3D /* Main.storyboard in Resources */,
			);
			runOnlyForDeploymentPostprocessing = 0;
		};
/* End PBXResourcesBuildPhase section */

/* Begin PBXShellScriptBuildPhase section */
		23BFDEE185FC6675A175B13C /* [CP] Check Pods Manifest.lock */ = {
			isa = PBXShellScriptBuildPhase;
			buildActionMask = 2147483647;
			files = (
			);
			inputPaths = (
				"${PODS_PODFILE_DIR_PATH}/Podfile.lock",
				"${PODS_ROOT}/Manifest.lock",
			);
			name = "[CP] Check Pods Manifest.lock";
			outputPaths = (
				"$(DERIVED_FILE_DIR)/Pods-Snoring Companion-checkManifestLockResult.txt",
			);
			runOnlyForDeploymentPostprocessing = 0;
			shellPath = /bin/sh;
			shellScript = "diff \"${PODS_PODFILE_DIR_PATH}/Podfile.lock\" \"${PODS_ROOT}/Manifest.lock\" > /dev/null\nif [ $? != 0 ] ; then\n    # print error to STDERR\n    echo \"error: The sandbox is not in sync with the Podfile.lock. Run 'pod install' or update your CocoaPods installation.\" >&2\n    exit 1\nfi\n# This output is used by Xcode 'outputs' to avoid re-running this script phase.\necho \"SUCCESS\" > \"${SCRIPT_OUTPUT_FILE_0}\"\n";
			showEnvVarsInLog = 0;
		};
/* End PBXShellScriptBuildPhase section */

/* Begin PBXSourcesBuildPhase section */
		3599D13D2092290400236F3D /* Sources */ = {
			isa = PBXSourcesBuildPhase;
			buildActionMask = 2147483647;
			files = (
				3599D1472092290400236F3D /* ViewController.swift in Sources */,
				3599D1452092290400236F3D /* AppDelegate.swift in Sources */,
				3599D15C20922F2100236F3D /* HomeViewController.swift in Sources */,
			);
			runOnlyForDeploymentPostprocessing = 0;
		};
/* End PBXSourcesBuildPhase section */

/* Begin PBXVariantGroup section */
		3599D1482092290400236F3D /* Main.storyboard */ = {
			isa = PBXVariantGroup;
			children = (
				3599D1492092290400236F3D /* Base */,
			);
			name = Main.storyboard;
			sourceTree = "<group>";
		};
		3599D14D2092290600236F3D /* LaunchScreen.storyboard */ = {
			isa = PBXVariantGroup;
			children = (
				3599D14E2092290600236F3D /* Base */,
			);
			name = LaunchScreen.storyboard;
			sourceTree = "<group>";
		};
/* End PBXVariantGroup section */

/* Begin XCBuildConfiguration section */
		3599D1512092290600236F3D /* Debug */ = {
			isa = XCBuildConfiguration;
			buildSettings = {
				ALWAYS_SEARCH_USER_PATHS = NO;
				CLANG_ANALYZER_NONNULL = YES;
				CLANG_ANALYZER_NUMBER_OBJECT_CONVERSION = YES_AGGRESSIVE;
				CLANG_CXX_LANGUAGE_STANDARD = "gnu++14";
				CLANG_CXX_LIBRARY = "libc++";
				CLANG_ENABLE_MODULES = YES;
				CLANG_ENABLE_OBJC_ARC = YES;
				CLANG_ENABLE_OBJC_WEAK = YES;
				CLANG_WARN_BLOCK_CAPTURE_AUTORELEASING = YES;
				CLANG_WARN_BOOL_CONVERSION = YES;
				CLANG_WARN_COMMA = YES;
				CLANG_WARN_CONSTANT_CONVERSION = YES;
				CLANG_WARN_DEPRECATED_OBJC_IMPLEMENTATIONS = YES;
				CLANG_WARN_DIRECT_OBJC_ISA_USAGE = YES_ERROR;
				CLANG_WARN_DOCUMENTATION_COMMENTS = YES;
				CLANG_WARN_EMPTY_BODY = YES;
				CLANG_WARN_ENUM_CONVERSION = YES;
				CLANG_WARN_INFINITE_RECURSION = YES;
				CLANG_WARN_INT_CONVERSION = YES;
				CLANG_WARN_NON_LITERAL_NULL_CONVERSION = YES;
				CLANG_WARN_OBJC_IMPLICIT_RETAIN_SELF = YES;
				CLANG_WARN_OBJC_LITERAL_CONVERSION = YES;
				CLANG_WARN_OBJC_ROOT_CLASS = YES_ERROR;
				CLANG_WARN_RANGE_LOOP_ANALYSIS = YES;
				CLANG_WARN_STRICT_PROTOTYPES = YES;
				CLANG_WARN_SUSPICIOUS_MOVE = YES;
				CLANG_WARN_UNGUARDED_AVAILABILITY = YES_AGGRESSIVE;
				CLANG_WARN_UNREACHABLE_CODE = YES;
				CLANG_WARN__DUPLICATE_METHOD_MATCH = YES;
				CODE_SIGN_IDENTITY = "iPhone Developer";
				COPY_PHASE_STRIP = NO;
				DEBUG_INFORMATION_FORMAT = dwarf;
				ENABLE_STRICT_OBJC_MSGSEND = YES;
				ENABLE_TESTABILITY = YES;
				GCC_C_LANGUAGE_STANDARD = gnu11;
				GCC_DYNAMIC_NO_PIC = NO;
				GCC_NO_COMMON_BLOCKS = YES;
				GCC_OPTIMIZATION_LEVEL = 0;
				GCC_PREPROCESSOR_DEFINITIONS = (
					"DEBUG=1",
					"$(inherited)",
				);
				GCC_WARN_64_TO_32_BIT_CONVERSION = YES;
				GCC_WARN_ABOUT_RETURN_TYPE = YES_ERROR;
				GCC_WARN_UNDECLARED_SELECTOR = YES;
				GCC_WARN_UNINITIALIZED_AUTOS = YES_AGGRESSIVE;
				GCC_WARN_UNUSED_FUNCTION = YES;
				GCC_WARN_UNUSED_VARIABLE = YES;
				IPHONEOS_DEPLOYMENT_TARGET = 11.3;
				MTL_ENABLE_DEBUG_INFO = YES;
				ONLY_ACTIVE_ARCH = YES;
				SDKROOT = iphoneos;
				SWIFT_ACTIVE_COMPILATION_CONDITIONS = DEBUG;
				SWIFT_OPTIMIZATION_LEVEL = "-Onone";
			};
			name = Debug;
		};
		3599D1522092290600236F3D /* Release */ = {
			isa = XCBuildConfiguration;
			buildSettings = {
				ALWAYS_SEARCH_USER_PATHS = NO;
				CLANG_ANALYZER_NONNULL = YES;
				CLANG_ANALYZER_NUMBER_OBJECT_CONVERSION = YES_AGGRESSIVE;
				CLANG_CXX_LANGUAGE_STANDARD = "gnu++14";
				CLANG_CXX_LIBRARY = "libc++";
				CLANG_ENABLE_MODULES = YES;
				CLANG_ENABLE_OBJC_ARC = YES;
				CLANG_ENABLE_OBJC_WEAK = YES;
				CLANG_WARN_BLOCK_CAPTURE_AUTORELEASING = YES;
				CLANG_WARN_BOOL_CONVERSION = YES;
				CLANG_WARN_COMMA = YES;
				CLANG_WARN_CONSTANT_CONVERSION = YES;
				CLANG_WARN_DEPRECATED_OBJC_IMPLEMENTATIONS = YES;
				CLANG_WARN_DIRECT_OBJC_ISA_USAGE = YES_ERROR;
				CLANG_WARN_DOCUMENTATION_COMMENTS = YES;
				CLANG_WARN_EMPTY_BODY = YES;
				CLANG_WARN_ENUM_CONVERSION = YES;
				CLANG_WARN_INFINITE_RECURSION = YES;
				CLANG_WARN_INT_CONVERSION = YES;
				CLANG_WARN_NON_LITERAL_NULL_CONVERSION = YES;
				CLANG_WARN_OBJC_IMPLICIT_RETAIN_SELF = YES;
				CLANG_WARN_OBJC_LITERAL_CONVERSION = YES;
				CLANG_WARN_OBJC_ROOT_CLASS = YES_ERROR;
				CLANG_WARN_RANGE_LOOP_ANALYSIS = YES;
				CLANG_WARN_STRICT_PROTOTYPES = YES;
				CLANG_WARN_SUSPICIOUS_MOVE = YES;
				CLANG_WARN_UNGUARDED_AVAILABILITY = YES_AGGRESSIVE;
				CLANG_WARN_UNREACHABLE_CODE = YES;
				CLANG_WARN__DUPLICATE_METHOD_MATCH = YES;
				CODE_SIGN_IDENTITY = "iPhone Developer";
				COPY_PHASE_STRIP = NO;
				DEBUG_INFORMATION_FORMAT = "dwarf-with-dsym";
				ENABLE_NS_ASSERTIONS = NO;
				ENABLE_STRICT_OBJC_MSGSEND = YES;
				GCC_C_LANGUAGE_STANDARD = gnu11;
				GCC_NO_COMMON_BLOCKS = YES;
				GCC_WARN_64_TO_32_BIT_CONVERSION = YES;
				GCC_WARN_ABOUT_RETURN_TYPE = YES_ERROR;
				GCC_WARN_UNDECLARED_SELECTOR = YES;
				GCC_WARN_UNINITIALIZED_AUTOS = YES_AGGRESSIVE;
				GCC_WARN_UNUSED_FUNCTION = YES;
				GCC_WARN_UNUSED_VARIABLE = YES;
				IPHONEOS_DEPLOYMENT_TARGET = 11.3;
				MTL_ENABLE_DEBUG_INFO = NO;
				SDKROOT = iphoneos;
				SWIFT_COMPILATION_MODE = wholemodule;
				SWIFT_OPTIMIZATION_LEVEL = "-O";
				VALIDATE_PRODUCT = YES;
			};
			name = Release;
		};
		3599D1542092290600236F3D /* Debug */ = {
			isa = XCBuildConfiguration;
			baseConfigurationReference = CB1DDA133395C11D093F56E5 /* Pods-Snoring Companion.debug.xcconfig */;
			buildSettings = {
				ASSETCATALOG_COMPILER_APPICON_NAME = AppIcon;
				CODE_SIGN_STYLE = Automatic;
				INFOPLIST_FILE = "Snoring Companion/Info.plist";
				LD_RUNPATH_SEARCH_PATHS = (
					"$(inherited)",
					"@executable_path/Frameworks",
				);
				PRODUCT_BUNDLE_IDENTIFIER = "XR.Snoring-Companion";
				PRODUCT_NAME = "$(TARGET_NAME)";
				SWIFT_VERSION = 4.0;
				TARGETED_DEVICE_FAMILY = "1,2";
			};
			name = Debug;
		};
		3599D1552092290600236F3D /* Release */ = {
			isa = XCBuildConfiguration;
			baseConfigurationReference = 1F6BE15F2E4DA600B3CCE9C7 /* Pods-Snoring Companion.release.xcconfig */;
			buildSettings = {
				ASSETCATALOG_COMPILER_APPICON_NAME = AppIcon;
				CODE_SIGN_STYLE = Automatic;
				INFOPLIST_FILE = "Snoring Companion/Info.plist";
				LD_RUNPATH_SEARCH_PATHS = (
					"$(inherited)",
					"@executable_path/Frameworks",
				);
				PRODUCT_BUNDLE_IDENTIFIER = "XR.Snoring-Companion";
				PRODUCT_NAME = "$(TARGET_NAME)";
				SWIFT_VERSION = 4.0;
				TARGETED_DEVICE_FAMILY = "1,2";
			};
			name = Release;
		};
/* End XCBuildConfiguration section */

/* Begin XCConfigurationList section */
		3599D13C2092290400236F3D /* Build configuration list for PBXProject "Snoring Companion" */ = {
			isa = XCConfigurationList;
			buildConfigurations = (
				3599D1512092290600236F3D /* Debug */,
				3599D1522092290600236F3D /* Release */,
			);
			defaultConfigurationIsVisible = 0;
			defaultConfigurationName = Release;
		};
		3599D1532092290600236F3D /* Build configuration list for PBXNativeTarget "Snoring Companion" */ = {
			isa = XCConfigurationList;
			buildConfigurations = (
				3599D1542092290600236F3D /* Debug */,
				3599D1552092290600236F3D /* Release */,
			);
			defaultConfigurationIsVisible = 0;
			defaultConfigurationName = Release;
		};
/* End XCConfigurationList section */
	};
	rootObject = 3599D1392092290400236F3D /* Project object */;
}
